
Microsoft Visual Studio Solution File, Format Version 12.00
# Visual Studio Version 16
VisualStudioVersion = 16.0.30503.244
MinimumVisualStudioVersion = 10.0.40219.1
Project("{FAE04EC0-301F-11D3-BF4B-00C04F79EFBC}") = "Arrays3", "Arrays3\Arrays3.csproj", "{B4C24F1B-8F41-4511-A9F5-3AC3067444B1}"
EndProject
Global
	GlobalSection(SolutionConfigurationPlatforms) = preSolution
		Debug|Any CPU = Debug|Any CPU
		Release|Any CPU = Release|Any CPU
	EndGlobalSection
	GlobalSection(ProjectConfigurationPlatforms) = postSolution
		{B4C24F1B-8F41-4511-A9F5-3AC3067444B1}.Debug|Any CPU.ActiveCfg = Debug|Any CPU
		{B4C24F1B-8F41-4511-A9F5-3AC3067444B1}.Debug|Any CPU.Build.0 = Debug|Any CPU
		{B4C24F1B-8F41-4511-A9F5-3AC3067444B1}.Release|Any CPU.ActiveCfg = Release|Any CPU
		{B4C24F1B-8F41-4511-A9F5-3AC3067444B1}.Release|Any CPU.Build.0 = Release|Any CPU
	EndGlobalSection
	GlobalSection(SolutionProperties) = preSolution
		HideSolutionNode = FALSE
	EndGlobalSection
	GlobalSection(ExtensibilityGlobals) = postSolution
		SolutionGuid = {43BEA627-8E1C-4763-8B70-3BA55400A29A}
	EndGlobalSection
EndGlobal
