
Microsoft Visual Studio Solution File, Format Version 12.00
# Visual Studio Version 16
VisualStudioVersion = 16.0.30503.244
MinimumVisualStudioVersion = 10.0.40219.1
Project("{FAE04EC0-301F-11D3-BF4B-00C04F79EFBC}") = "Arrays7", "Arrays7\Arrays7.csproj", "{64C7E3EC-01EB-46C1-BCFD-611D0F700250}"
EndProject
Global
	GlobalSection(SolutionConfigurationPlatforms) = preSolution
		Debug|Any CPU = Debug|Any CPU
		Release|Any CPU = Release|Any CPU
	EndGlobalSection
	GlobalSection(ProjectConfigurationPlatforms) = postSolution
		{64C7E3EC-01EB-46C1-BCFD-611D0F700250}.Debug|Any CPU.ActiveCfg = Debug|Any CPU
		{64C7E3EC-01EB-46C1-BCFD-611D0F700250}.Debug|Any CPU.Build.0 = Debug|Any CPU
		{64C7E3EC-01EB-46C1-BCFD-611D0F700250}.Release|Any CPU.ActiveCfg = Release|Any CPU
		{64C7E3EC-01EB-46C1-BCFD-611D0F700250}.Release|Any CPU.Build.0 = Release|Any CPU
	EndGlobalSection
	GlobalSection(SolutionProperties) = preSolution
		HideSolutionNode = FALSE
	EndGlobalSection
	GlobalSection(ExtensibilityGlobals) = postSolution
		SolutionGuid = {72B2D7C1-B2B3-4077-A85E-420572AC3264}
	EndGlobalSection
EndGlobal
